
Microsoft Visual Studio Solution File, Format Version 12.00
# Visual Studio 15
Project("{FAE04EC0-301F-11D3-BF4B-00C04F79EFBC}") = "magic-e-Shop", "magic-e-Shop\magic-e-Shop.csproj", "{06309AF2-63F0-43AD-8D6F-FD26E3F85750}"
EndProject
Global
	GlobalSection(SolutionConfigurationPlatforms) = preSolution
		Debug|Any CPU = Debug|Any CPU
		Release|Any CPU = Release|Any CPU
	EndGlobalSection
	GlobalSection(ProjectConfigurationPlatforms) = postSolution
		{06309AF2-63F0-43AD-8D6F-FD26E3F85750}.Debug|Any CPU.ActiveCfg = Debug|Any CPU
		{06309AF2-63F0-43AD-8D6F-FD26E3F85750}.Debug|Any CPU.Build.0 = Debug|Any CPU
		{06309AF2-63F0-43AD-8D6F-FD26E3F85750}.Release|Any CPU.ActiveCfg = Release|Any CPU
		{06309AF2-63F0-43AD-8D6F-FD26E3F85750}.Release|Any CPU.Build.0 = Release|Any CPU
	EndGlobalSection
EndGlobal
